schema: '2.0'
stages:
  convert_xml_to_parquet@env_temp:
    cmd: python -m src.data.convert_from_xml_to_parquet data/raw/env_temp.xml data/interim/env_temp.parquet
    deps:
    - path: data/raw/env_temp.xml
      hash: md5
      md5: d3c1ac14db8e84891f0a61c29c643190
      size: 72520793
    - path: src/data/convert_from_xml_to_parquet.py
      hash: md5
      md5: 88da0f001cf3fb2022198d2950a6d0b7
      size: 3876
    outs:
    - path: data/interim/env_temp.parquet
      hash: md5
      md5: 972a592a61627c5dcf256d340c33c62f
      size: 3221030
  convert_xml_to_parquet@star_watt:
    cmd: python -m src.data.convert_from_xml_to_parquet data/raw/star_watt.xml data/interim/star_watt.parquet
    deps:
    - path: data/raw/star_watt.xml
      hash: md5
      md5: 3e48c4b58b5edc3c96417d6b3a3c876f
      size: 649685660
    - path: src/data/convert_from_xml_to_parquet.py
      hash: md5
      md5: 88da0f001cf3fb2022198d2950a6d0b7
      size: 3876
    outs:
    - path: data/interim/star_watt.parquet
      hash: md5
      md5: 26c3f17d550c58ce045d9de9b83f70ff
      size: 38166479
  merge_parquet_files:
    cmd: python src/data/merge_parquet_files.py data/interim/env_temp.parquet data/interim/star_watt.parquet
      data/interim/dataset.parquet
    deps:
    - path: data/interim/env_temp.parquet
      hash: md5
      md5: 972a592a61627c5dcf256d340c33c62f
      size: 3221030
    - path: data/interim/star_watt.parquet
      hash: md5
      md5: 26c3f17d550c58ce045d9de9b83f70ff
      size: 38166479
    - path: src/data/merge_parquet_files.py
      hash: md5
      md5: fe6bda10f7206e708b7ad6bc111a1126
      size: 4906
    outs:
    - path: data/interim/dataset.parquet
      hash: md5
      md5: 794d570f00a5b78c66a1f0b1257e6223
      size: 39634109
  build_features:
    cmd: python src/features/build_features.py data/interim/dataset.parquet data/interim/features.parquet
    deps:
    - path: data/interim/dataset.parquet
      hash: md5
      md5: 794d570f00a5b78c66a1f0b1257e6223
      size: 39634109
    - path: src/features/build_features.py
      hash: md5
      md5: 9d8c7b2328cca512768820830dbbcaa7
      size: 2721
    outs:
    - path: data/interim/features.parquet
      hash: md5
      md5: 892b254eae278e9458da1bd156b1c41f
      size: 62374638
  train_model:
    cmd: python -m src.models.train_model data/interim/train.parquet data/interim/val.parquet
      models/best_model.pth --data_fraction 0.1 --n_trials 1 --num_epochs 30 --batch_size
      128 --input_length 240 --output_length 5
    deps:
    - path: data/interim/train.parquet
      hash: md5
      md5: e27365e2b010cbd27ea698c2496b2cec
      size: 44417877
    - path: data/interim/val.parquet
      hash: md5
      md5: 4abcb1927dccaea251909154c4e3a681
      size: 11212995
    - path: src/models/dataset.py
      hash: md5
      md5: 286fbba471645d941a59046a774bffe0
      size: 1863
    - path: src/models/model.py
      hash: md5
      md5: daa920c193b7b126f445b85d90c3aa01
      size: 1658
    - path: src/models/train_model.py
      hash: md5
      md5: 098465a169c382869a322ecdeda5b09a
      size: 10645
    outs:
    - path: models/best_model.pth
      hash: md5
      md5: 944e53e05d9349a45ba000ccfd1070ef
      size: 13943526
  split_data:
    cmd: python src/data/split_data.py data/interim/features.parquet data/interim/train.parquet
      data/interim/val.parquet data/interim/test.parquet --train_ratio 0.7 --val_ratio
      0.15 --input_length 240
    deps:
    - path: data/interim/features.parquet
      hash: md5
      md5: 892b254eae278e9458da1bd156b1c41f
      size: 62374638
    - path: src/data/split_data.py
      hash: md5
      md5: 24601373dad03a6436eec7a3ca5edb43
      size: 2663
    outs:
    - path: data/interim/test.parquet
      hash: md5
      md5: 85880ef82fb5f68f23ee0a924dea1e5a
      size: 11295206
    - path: data/interim/train.parquet
      hash: md5
      md5: e27365e2b010cbd27ea698c2496b2cec
      size: 44417877
    - path: data/interim/val.parquet
      hash: md5
      md5: 4abcb1927dccaea251909154c4e3a681
      size: 11212995
  inference:
    cmd: python src/models/inference.py models/best_model.pth data/interim/features.parquet
      --input_length 180 --output_length 5 --batch_size 128 --device cpu
    deps:
    - path: data/interim/features.parquet
      hash: md5
      md5: 892b254eae278e9458da1bd156b1c41f
      size: 62374638
    - path: models/best_model.pth
      hash: md5
      md5: 34c72625e74f4ebba40c3e94b52d6a41
      size: 7128598
    - path: src/models/inference.py
      hash: md5
      md5: 3b76ec1667ad21a390b07478c85dcd0d
      size: 4121
  inference@train:
    cmd: python -m src.models.inference models/best_model.pth data/interim/train.parquet
      data/interim/infer_train.parquet --batch_size 128 --device cpu --data_fraction
      0.1 --input_length 240 --output_length 5
    deps:
    - path: data/interim/train.parquet
      hash: md5
      md5: e27365e2b010cbd27ea698c2496b2cec
      size: 44417877
    - path: models/best_model.pth
      hash: md5
      md5: 944e53e05d9349a45ba000ccfd1070ef
      size: 13943526
    - path: src/models/dataset.py
      hash: md5
      md5: 286fbba471645d941a59046a774bffe0
      size: 1863
    - path: src/models/inference.py
      hash: md5
      md5: 131b929454ecaaf2c8fee67bae5db03d
      size: 4432
    - path: src/models/model.py
      hash: md5
      md5: daa920c193b7b126f445b85d90c3aa01
      size: 1658
    outs:
    - path: data/interim/infer_train.parquet
      hash: md5
      md5: efd17590c8a7ed1b15413b8c8ed91bee
      size: 680169419
  inference@val:
    cmd: python -m src.models.inference models/best_model.pth data/interim/val.parquet
      data/interim/infer_val.parquet --batch_size 128 --device cpu --data_fraction
      0.1 --input_length 240 --output_length 5
    deps:
    - path: data/interim/val.parquet
      hash: md5
      md5: 4abcb1927dccaea251909154c4e3a681
      size: 11212995
    - path: models/best_model.pth
      hash: md5
      md5: 944e53e05d9349a45ba000ccfd1070ef
      size: 13943526
    - path: src/models/dataset.py
      hash: md5
      md5: 286fbba471645d941a59046a774bffe0
      size: 1863
    - path: src/models/inference.py
      hash: md5
      md5: 131b929454ecaaf2c8fee67bae5db03d
      size: 4432
    - path: src/models/model.py
      hash: md5
      md5: daa920c193b7b126f445b85d90c3aa01
      size: 1658
    outs:
    - path: data/interim/infer_val.parquet
      hash: md5
      md5: 72f3f9ebb8d46fc341ad612e82fec497
      size: 139566768
  inference@test:
    cmd: python -m src.models.inference models/best_model.pth data/interim/test.parquet
      data/interim/infer_test.parquet --batch_size 128 --device cpu --data_fraction
      0.1 --input_length 240 --output_length 5
    deps:
    - path: data/interim/test.parquet
      hash: md5
      md5: 85880ef82fb5f68f23ee0a924dea1e5a
      size: 11295206
    - path: models/best_model.pth
      hash: md5
      md5: 944e53e05d9349a45ba000ccfd1070ef
      size: 13943526
    - path: src/models/dataset.py
      hash: md5
      md5: 286fbba471645d941a59046a774bffe0
      size: 1863
    - path: src/models/inference.py
      hash: md5
      md5: 131b929454ecaaf2c8fee67bae5db03d
      size: 4432
    - path: src/models/model.py
      hash: md5
      md5: daa920c193b7b126f445b85d90c3aa01
      size: 1658
    outs:
    - path: data/interim/infer_test.parquet
      hash: md5
      md5: bfa7c0b474b8e2c6e2d7b3542e6239a6
      size: 137579172
