schema: '2.0'
stages:
  convert_xml_to_parquet@env_temp:
    cmd: python -m src.data.convert_from_xml_to_parquet data/raw/env_temp.xml data/interim/env_temp.parquet
    deps:
    - path: data/raw/env_temp.xml
      hash: md5
      md5: d3c1ac14db8e84891f0a61c29c643190
      size: 72520793
    - path: src/data/convert_from_xml_to_parquet.py
      hash: md5
      md5: 88da0f001cf3fb2022198d2950a6d0b7
      size: 3876
    outs:
    - path: data/interim/env_temp.parquet
      hash: md5
      md5: 972a592a61627c5dcf256d340c33c62f
      size: 3221030
  convert_xml_to_parquet@star_watt:
    cmd: python -m src.data.convert_from_xml_to_parquet data/raw/star_watt.xml data/interim/star_watt.parquet
    deps:
    - path: data/raw/star_watt.xml
      hash: md5
      md5: 3e48c4b58b5edc3c96417d6b3a3c876f
      size: 649685660
    - path: src/data/convert_from_xml_to_parquet.py
      hash: md5
      md5: 88da0f001cf3fb2022198d2950a6d0b7
      size: 3876
    outs:
    - path: data/interim/star_watt.parquet
      hash: md5
      md5: 26c3f17d550c58ce045d9de9b83f70ff
      size: 38166479
  merge_parquet_files:
    cmd: python src/data/merge_parquet_files.py data/interim/env_temp.parquet data/interim/star_watt.parquet
      data/interim/dataset.parquet
    deps:
    - path: data/interim/env_temp.parquet
      hash: md5
      md5: 972a592a61627c5dcf256d340c33c62f
      size: 3221030
    - path: data/interim/star_watt.parquet
      hash: md5
      md5: 26c3f17d550c58ce045d9de9b83f70ff
      size: 38166479
    - path: src/data/merge_parquet_files.py
      hash: md5
      md5: fe6bda10f7206e708b7ad6bc111a1126
      size: 4906
    outs:
    - path: data/interim/dataset.parquet
      hash: md5
      md5: 794d570f00a5b78c66a1f0b1257e6223
      size: 39634109
  build_features:
    cmd: python src/features/build_features.py data/interim/dataset.parquet data/interim/features.parquet
    deps:
    - path: data/interim/dataset.parquet
      hash: md5
      md5: 794d570f00a5b78c66a1f0b1257e6223
      size: 39634109
    - path: src/features/build_features.py
      hash: md5
      md5: 9d8c7b2328cca512768820830dbbcaa7
      size: 2721
    outs:
    - path: data/interim/features.parquet
      hash: md5
      md5: 892b254eae278e9458da1bd156b1c41f
      size: 62374638
  train_model:
    cmd: python -m src.models.train_model data/interim/train.parquet data/interim/val.parquet
      models/best_model.pth --data_fraction 0.01 --n_trials 2 --num_epochs 2 --batch_size
      32 --input_length 60 --output_length 2 --embed_dim 64 --num_workers 2 --checkpoint_interval
      1
    deps:
    - path: data/interim/train.parquet
      hash: md5
      md5: e27365e2b010cbd27ea698c2496b2cec
      size: 44417877
    - path: data/interim/val.parquet
      hash: md5
      md5: b74c9b4b4e68908792143c2ddb6a074e
      size: 11210111
    - path: src/models/dataset.py
      hash: md5
      md5: 286fbba471645d941a59046a774bffe0
      size: 1863
    - path: src/models/model.py
      hash: md5
      md5: 8b6b6e25640b0e267a6aa146d54a6e92
      size: 6597
    - path: src/models/train_model.py
      hash: md5
      md5: cc452d51f5c0453dc5ae5b7f9f36babb
      size: 12861
    outs:
    - path: models/best_model.pth
      hash: md5
      md5: 22bb80526e859e26833eb5003e1b97b8
      size: 2028834
    - path: models/checkpoint/
      hash: md5
      md5: 181131e02e16501ebd5a5c41d85c951f.dir
      size: 4057668
      nfiles: 2
  split_data:
    cmd: python src/data/split_data.py data/interim/features.parquet data/interim/train.parquet
      data/interim/val.parquet data/interim/test.parquet --train_ratio 0.7 --val_ratio
      0.15 --input_length 60
    deps:
    - path: data/interim/features.parquet
      hash: md5
      md5: 892b254eae278e9458da1bd156b1c41f
      size: 62374638
    - path: src/data/split_data.py
      hash: md5
      md5: 24601373dad03a6436eec7a3ca5edb43
      size: 2663
    outs:
    - path: data/interim/test.parquet
      hash: md5
      md5: 8a74d3b438a1836555e06f416f0a96b8
      size: 11321116
    - path: data/interim/train.parquet
      hash: md5
      md5: e27365e2b010cbd27ea698c2496b2cec
      size: 44417877
    - path: data/interim/val.parquet
      hash: md5
      md5: b74c9b4b4e68908792143c2ddb6a074e
      size: 11210111
  inference:
    cmd: python src/models/inference.py models/best_model.pth data/interim/features.parquet
      --input_length 180 --output_length 5 --batch_size 128 --device cpu
    deps:
    - path: data/interim/features.parquet
      hash: md5
      md5: 892b254eae278e9458da1bd156b1c41f
      size: 62374638
    - path: models/best_model.pth
      hash: md5
      md5: 34c72625e74f4ebba40c3e94b52d6a41
      size: 7128598
    - path: src/models/inference.py
      hash: md5
      md5: 3b76ec1667ad21a390b07478c85dcd0d
      size: 4121
  inference@train:
    cmd: python -m src.models.inference models/best_model.pth data/interim/train.parquet
      data/interim/infer_train.parquet --batch_size 32 --data_fraction 0.1 --input_length
      360 --output_length 5
    deps:
    - path: data/interim/train.parquet
      hash: md5
      md5: e27365e2b010cbd27ea698c2496b2cec
      size: 44417877
    - path: models/best_model.pth
      hash: md5
      md5: ddc40e33222e93c314d95a06e1fd7290
      size: 2028834
    - path: src/models/dataset.py
      hash: md5
      md5: 286fbba471645d941a59046a774bffe0
      size: 1863
    - path: src/models/inference.py
      hash: md5
      md5: 4db97fb40667355972cf0038c604f679
      size: 4442
    - path: src/models/model.py
      hash: md5
      md5: e0f8975149cc0023fc198b42dd7d62e5
      size: 6598
    outs:
    - path: data/interim/infer_train.parquet
      hash: md5
      md5: 7d6c31a9e43ed8b4fe98f7a02f1f371a
      size: 1001742488
  inference@val:
    cmd: python -m src.models.inference models/best_model.pth data/interim/val.parquet
      data/interim/infer_val.parquet --batch_size 32 --device cpu --data_fraction
      0.01 --input_length 60 --output_length 5
    deps:
    - path: data/interim/val.parquet
      hash: md5
      md5: b74c9b4b4e68908792143c2ddb6a074e
      size: 11210111
    - path: models/best_model.pth
      hash: md5
      md5: 5838c6a0922bdbdd43e23d461412052d
      size: 5201762
    - path: src/models/dataset.py
      hash: md5
      md5: 286fbba471645d941a59046a774bffe0
      size: 1863
    - path: src/models/inference.py
      hash: md5
      md5: 4db97fb40667355972cf0038c604f679
      size: 4442
    - path: src/models/model.py
      hash: md5
      md5: e0f8975149cc0023fc198b42dd7d62e5
      size: 6598
    outs:
    - path: data/interim/infer_val.parquet
      hash: md5
      md5: 2538dd4b2f2267a957aa43c0fd2e7f05
      size: 3662714
  inference@test:
    cmd: python -m src.models.inference models/best_model.pth data/interim/test.parquet
      data/interim/infer_test.parquet --batch_size 32 --device cpu --data_fraction
      0.01 --input_length 60 --output_length 5
    deps:
    - path: data/interim/test.parquet
      hash: md5
      md5: 8a74d3b438a1836555e06f416f0a96b8
      size: 11321116
    - path: models/best_model.pth
      hash: md5
      md5: 5838c6a0922bdbdd43e23d461412052d
      size: 5201762
    - path: src/models/dataset.py
      hash: md5
      md5: 286fbba471645d941a59046a774bffe0
      size: 1863
    - path: src/models/inference.py
      hash: md5
      md5: 4db97fb40667355972cf0038c604f679
      size: 4442
    - path: src/models/model.py
      hash: md5
      md5: e0f8975149cc0023fc198b42dd7d62e5
      size: 6598
    outs:
    - path: data/interim/infer_test.parquet
      hash: md5
      md5: b37cf9b7e40c0c7964a360661961efc2
      size: 3668865
