schema: '2.0'
stages:
  convert_xml_to_parquet@env_temp:
    cmd: python -m src.data.convert_from_xml_to_parquet data/raw/env_temp.xml data/interim/env_temp.parquet
    deps:
    - path: data/raw/env_temp.xml
      hash: md5
      md5: d3c1ac14db8e84891f0a61c29c643190
      size: 72520793
    - path: src/data/convert_from_xml_to_parquet.py
      hash: md5
      md5: 88da0f001cf3fb2022198d2950a6d0b7
      size: 3876
    outs:
    - path: data/interim/env_temp.parquet
      hash: md5
      md5: 972a592a61627c5dcf256d340c33c62f
      size: 3221030
  convert_xml_to_parquet@star_watt:
    cmd: python -m src.data.convert_from_xml_to_parquet data/raw/star_watt.xml data/interim/star_watt.parquet
    deps:
    - path: data/raw/star_watt.xml
      hash: md5
      md5: 3e48c4b58b5edc3c96417d6b3a3c876f
      size: 649685660
    - path: src/data/convert_from_xml_to_parquet.py
      hash: md5
      md5: 88da0f001cf3fb2022198d2950a6d0b7
      size: 3876
    outs:
    - path: data/interim/star_watt.parquet
      hash: md5
      md5: 26c3f17d550c58ce045d9de9b83f70ff
      size: 38166479
  merge_parquet_files:
    cmd: python src/data/merge_parquet_files.py data/interim/env_temp.parquet data/interim/star_watt.parquet
      data/interim/dataset.parquet
    deps:
    - path: data/interim/env_temp.parquet
      hash: md5
      md5: 972a592a61627c5dcf256d340c33c62f
      size: 3221030
    - path: data/interim/star_watt.parquet
      hash: md5
      md5: 26c3f17d550c58ce045d9de9b83f70ff
      size: 38166479
    - path: src/data/merge_parquet_files.py
      hash: md5
      md5: 05a35d240d23f1f3035ae8057486635e
      size: 4910
    outs:
    - path: data/interim/dataset.parquet
      hash: md5
      md5: 794d570f00a5b78c66a1f0b1257e6223
      size: 39634109
  build_features:
    cmd: python src/features/build_features.py data/interim/dataset.parquet data/interim/features.parquet
    deps:
    - path: data/interim/dataset.parquet
      hash: md5
      md5: 794d570f00a5b78c66a1f0b1257e6223
      size: 39634109
    - path: src/features/build_features.py
      hash: md5
      md5: 9d8c7b2328cca512768820830dbbcaa7
      size: 2721
    outs:
    - path: data/interim/features.parquet
      hash: md5
      md5: 892b254eae278e9458da1bd156b1c41f
      size: 62374638
  train_model:
    cmd: python -m src.models.train_model data/interim/train.parquet data/interim/val.parquet
      models/best_model.pth --data_fraction 0.005 --n_trials 6 --num_epochs 2 --batch_size
      32 --input_sequence_length 360 --output_sequence_length 5 --embed_dim 2 --num_workers
      2 --checkpoint_interval 1 --nhead 2 --lr 0.000514804885292421
    deps:
    - path: data/interim/train.parquet
      hash: md5
      md5: e27365e2b010cbd27ea698c2496b2cec
      size: 44417877
    - path: data/interim/val.parquet
      hash: md5
      md5: 70db5690ee8783741967d9eddd7c89dd
      size: 11222458
    - path: src/models/dataset.py
      hash: md5
      md5: 37a1d3271859135a6c9bc2a4dc1c84a5
      size: 2104
    - path: src/models/model.py
      hash: md5
      md5: 486579cf694462d980b168ccbcb05c7d
      size: 5886
    - path: src/models/train_model.py
      hash: md5
      md5: 143ad4a20f6c6e9db5dbba3c5d8363a6
      size: 12029
    outs:
    - path: models/best_model.pth
      hash: md5
      md5: 4ed3cd8f524520b38d6072b49f61252c
      size: 80482
    - path: models/checkpoint/
      hash: md5
      md5: 445a961d31e46e18215490ffd4867b7f.dir
      size: 160964
      nfiles: 2
  split_data:
    cmd: python src/data/split_data.py data/interim/features.parquet data/interim/train.parquet
      data/interim/val.parquet data/interim/test.parquet --train_ratio 0.7 --val_ratio
      0.15 --input_sequence_length 360
    deps:
    - path: data/interim/features.parquet
      hash: md5
      md5: 892b254eae278e9458da1bd156b1c41f
      size: 62374638
    - path: src/data/split_data.py
      hash: md5
      md5: 586864497423fdcb8986dfe463fc5600
      size: 2755
    outs:
    - path: data/interim/test.parquet
      hash: md5
      md5: 8f24b66589760448a086ad9587873481
      size: 11287577
    - path: data/interim/train.parquet
      hash: md5
      md5: e27365e2b010cbd27ea698c2496b2cec
      size: 44417877
    - path: data/interim/val.parquet
      hash: md5
      md5: 70db5690ee8783741967d9eddd7c89dd
      size: 11222458
  inference:
    cmd: python src/models/inference.py models/best_model.pth data/interim/features.parquet
      --input_length 180 --output_length 5 --batch_size 128 --device cpu
    deps:
    - path: data/interim/features.parquet
      hash: md5
      md5: 892b254eae278e9458da1bd156b1c41f
      size: 62374638
    - path: models/best_model.pth
      hash: md5
      md5: 34c72625e74f4ebba40c3e94b52d6a41
      size: 7128598
    - path: src/models/inference.py
      hash: md5
      md5: 3b76ec1667ad21a390b07478c85dcd0d
      size: 4121
  inference@train:
    cmd: python -m src.models.inference models/best_model.pth data/interim/train.parquet
      data/interim/infer_train.parquet --batch_size 32 --data_fraction 0.01 --input_sequence_length
      60 --output_sequence_length 2 --data_fraction 0.01
    deps:
    - path: data/interim/train.parquet
      hash: md5
      md5: e27365e2b010cbd27ea698c2496b2cec
      size: 44417877
    - path: models/best_model.pth
      hash: md5
      md5: da983946c0c3749932ba4ef8e9714f1d
      size: 2029218
    - path: src/models/dataset.py
      hash: md5
      md5: 37a1d3271859135a6c9bc2a4dc1c84a5
      size: 2104
    - path: src/models/inference.py
      hash: md5
      md5: 90d3067f0805f659a6bc586930886726
      size: 4733
    - path: src/models/model.py
      hash: md5
      md5: 486579cf694462d980b168ccbcb05c7d
      size: 5886
    outs:
    - path: data/interim/infer_train.parquet
      hash: md5
      md5: dce90683f98845e3ce81b1df5a612232
      size: 18646220
  inference@val:
    cmd: python -m src.models.inference models/best_model.pth data/interim/val.parquet
      data/interim/infer_val.parquet --batch_size 32 --data_fraction 0.01 --input_sequence_length
      60 --output_sequence_length 2 --data_fraction 0.01
    deps:
    - path: data/interim/val.parquet
      hash: md5
      md5: b74c9b4b4e68908792143c2ddb6a074e
      size: 11210111
    - path: models/best_model.pth
      hash: md5
      md5: da983946c0c3749932ba4ef8e9714f1d
      size: 2029218
    - path: src/models/dataset.py
      hash: md5
      md5: 37a1d3271859135a6c9bc2a4dc1c84a5
      size: 2104
    - path: src/models/inference.py
      hash: md5
      md5: 90d3067f0805f659a6bc586930886726
      size: 4733
    - path: src/models/model.py
      hash: md5
      md5: 486579cf694462d980b168ccbcb05c7d
      size: 5886
    outs:
    - path: data/interim/infer_val.parquet
      hash: md5
      md5: 842365cfb6fe1068fe9a62d2fd88d390
      size: 4019410
  inference@test:
    cmd: python -m src.models.inference models/best_model.pth data/interim/test.parquet
      data/interim/infer_test.parquet --batch_size 32 --data_fraction 0.01 --input_sequence_length
      60 --output_sequence_length 2 --data_fraction 0.01
    deps:
    - path: data/interim/test.parquet
      hash: md5
      md5: 8a74d3b438a1836555e06f416f0a96b8
      size: 11321116
    - path: models/best_model.pth
      hash: md5
      md5: da983946c0c3749932ba4ef8e9714f1d
      size: 2029218
    - path: src/models/dataset.py
      hash: md5
      md5: 37a1d3271859135a6c9bc2a4dc1c84a5
      size: 2104
    - path: src/models/inference.py
      hash: md5
      md5: 90d3067f0805f659a6bc586930886726
      size: 4733
    - path: src/models/model.py
      hash: md5
      md5: 486579cf694462d980b168ccbcb05c7d
      size: 5886
    outs:
    - path: data/interim/infer_test.parquet
      hash: md5
      md5: fc04148a37b64167811e50a4bd955b1e
      size: 4028882
